Microsoft Visual Studio Solution File, Format Version 12.00
# Visual Studio Version 17
VisualStudioVersion = 17.5.2.0
MinimumVisualStudioVersion = 10.0.40219.1
Project("{FAE04EC0-301F-11D3-BF4B-00C04F79EFBC}") = "SocialMediaAppBackend", "SocialMediaAppBackend.csproj", "{2B9D6D85-9CFC-BF23-6441-3B02DBBC4C69}"
EndProject
Global
	GlobalSection(SolutionConfigurationPlatforms) = preSolution
		Debug|Any CPU = Debug|Any CPU
		Release|Any CPU = Release|Any CPU
	EndGlobalSection
	GlobalSection(ProjectConfigurationPlatforms) = postSolution
		{2B9D6D85-9CFC-BF23-6441-3B02DBBC4C69}.Debug|Any CPU.ActiveCfg = Debug|Any CPU
		{2B9D6D85-9CFC-BF23-6441-3B02DBBC4C69}.Debug|Any CPU.Build.0 = Debug|Any CPU
		{2B9D6D85-9CFC-BF23-6441-3B02DBBC4C69}.Release|Any CPU.ActiveCfg = Release|Any CPU
		{2B9D6D85-9CFC-BF23-6441-3B02DBBC4C69}.Release|Any CPU.Build.0 = Release|Any CPU
	EndGlobalSection
	GlobalSection(SolutionProperties) = preSolution
		HideSolutionNode = FALSE
	EndGlobalSection
	GlobalSection(ExtensibilityGlobals) = postSolution
		SolutionGuid = {2818F86E-6127-40E2-869E-5F5BA695A4A0}
	EndGlobalSection
EndGlobal
